// !$*UTF8*$!
{
	archiveVersion = 1;
	classes = {
	};
	objectVersion = 51;
	objects = {

/* Begin PBXBuildFile section */
		7E30082B8837BAAFB7711E79 /* Pods_Bounce.framework in Frameworks */ = {isa = PBXBuildFile; fileRef = 155E8EDEE57C3078F1B5A96B /* Pods_Bounce.framework */; };
		9BCFDA5624BCCE2E009565C4 /* AppDelegate.m in Sources */ = {isa = PBXBuildFile; fileRef = 9BCFDA5524BCCE2E009565C4 /* AppDelegate.m */; };
		9BCFDA5924BCCE2E009565C4 /* SceneDelegate.m in Sources */ = {isa = PBXBuildFile; fileRef = 9BCFDA5824BCCE2E009565C4 /* SceneDelegate.m */; };
		9BCFDA5C24BCCE2E009565C4 /* ViewController.m in Sources */ = {isa = PBXBuildFile; fileRef = 9BCFDA5B24BCCE2E009565C4 /* ViewController.m */; };
		9BCFDA5F24BCCE2E009565C4 /* Main.storyboard in Resources */ = {isa = PBXBuildFile; fileRef = 9BCFDA5D24BCCE2E009565C4 /* Main.storyboard */; };
		9BCFDA6124BCCE2F009565C4 /* Assets.xcassets in Resources */ = {isa = PBXBuildFile; fileRef = 9BCFDA6024BCCE2F009565C4 /* Assets.xcassets */; };
		9BCFDA6424BCCE2F009565C4 /* LaunchScreen.storyboard in Resources */ = {isa = PBXBuildFile; fileRef = 9BCFDA6224BCCE2F009565C4 /* LaunchScreen.storyboard */; };
		9BCFDA6724BCCE2F009565C4 /* main.m in Sources */ = {isa = PBXBuildFile; fileRef = 9BCFDA6624BCCE2F009565C4 /* main.m */; };
		9BCFDA7124BCCE2F009565C4 /* BounceTests.m in Sources */ = {isa = PBXBuildFile; fileRef = 9BCFDA7024BCCE2F009565C4 /* BounceTests.m */; };
		9BCFDA7C24BCCE2F009565C4 /* BounceUITests.m in Sources */ = {isa = PBXBuildFile; fileRef = 9BCFDA7B24BCCE2F009565C4 /* BounceUITests.m */; };
		9BCFDA9B24BCE9DC009565C4 /* ConnectView.m in Sources */ = {isa = PBXBuildFile; fileRef = 9BCFDA9A24BCE9DC009565C4 /* ConnectView.m */; };
		9BCFDA9E24BCEA36009565C4 /* ConnectButton.m in Sources */ = {isa = PBXBuildFile; fileRef = 9BCFDA9D24BCEA36009565C4 /* ConnectButton.m */; };
		9BCFDAA224BCF335009565C4 /* SpotifyiOS.framework in Frameworks */ = {isa = PBXBuildFile; fileRef = 9BCFDAA124BCF335009565C4 /* SpotifyiOS.framework */; };
		9BCFDAA524BD018B009565C4 /* SearchViewController.m in Sources */ = {isa = PBXBuildFile; fileRef = 9BCFDAA424BD018B009565C4 /* SearchViewController.m */; };
		9BCFDAA824BD01AD009565C4 /* ProfileViewController.m in Sources */ = {isa = PBXBuildFile; fileRef = 9BCFDAA724BD01AD009565C4 /* ProfileViewController.m */; };
		9BCFDAAB24BD156D009565C4 /* TrackCell.m in Sources */ = {isa = PBXBuildFile; fileRef = 9BCFDAAA24BD156D009565C4 /* TrackCell.m */; };
		9BE3CC5C24BF715600ED849A /* TrackDetailsViewController.m in Sources */ = {isa = PBXBuildFile; fileRef = 9BE3CC5B24BF715600ED849A /* TrackDetailsViewController.m */; };
		9BE3CC5F24BFB8DC00ED849A /* LoginViewController.m in Sources */ = {isa = PBXBuildFile; fileRef = 9BE3CC5E24BFB8DC00ED849A /* LoginViewController.m */; };
		9BE3CC6624C1FB8800ED849A /* Track.m in Sources */ = {isa = PBXBuildFile; fileRef = 9BE3CC6524C1FB8800ED849A /* Track.m */; };
		9BE3CC6924C1FB9700ED849A /* Album.m in Sources */ = {isa = PBXBuildFile; fileRef = 9BE3CC6824C1FB9700ED849A /* Album.m */; };
		9BE3CC6C24C1FBB500ED849A /* Artist.m in Sources */ = {isa = PBXBuildFile; fileRef = 9BE3CC6B24C1FBB500ED849A /* Artist.m */; };
		9BE3CC6F24C1FBBD00ED849A /* User.m in Sources */ = {isa = PBXBuildFile; fileRef = 9BE3CC6E24C1FBBD00ED849A /* User.m */; };
		9BE3CC7224C1FBC600ED849A /* Playlist.m in Sources */ = {isa = PBXBuildFile; fileRef = 9BE3CC7124C1FBC600ED849A /* Playlist.m */; };
		9BE3CC7524C1FCB000ED849A /* Image.m in Sources */ = {isa = PBXBuildFile; fileRef = 9BE3CC7424C1FCB000ED849A /* Image.m */; };
		9BE3CC7824C1FCBB00ED849A /* AudioFeatures.m in Sources */ = {isa = PBXBuildFile; fileRef = 9BE3CC7724C1FCBB00ED849A /* AudioFeatures.m */; };
		9BE3CC7F24C5F4BD00ED849A /* SpotifyManager.m in Sources */ = {isa = PBXBuildFile; fileRef = 9BE3CC7E24C5F4BD00ED849A /* SpotifyManager.m */; };
		9BE3CC8224C74D3600ED849A /* ArtistCell.m in Sources */ = {isa = PBXBuildFile; fileRef = 9BE3CC8124C74D3600ED849A /* ArtistCell.m */; };
		9BE3CC8524C75B2500ED849A /* ArtistDetailsViewController.m in Sources */ = {isa = PBXBuildFile; fileRef = 9BE3CC8424C75B2500ED849A /* ArtistDetailsViewController.m */; };
		9BE3CC8824C7754E00ED849A /* ArtistDetailsCell.m in Sources */ = {isa = PBXBuildFile; fileRef = 9BE3CC8724C7754E00ED849A /* ArtistDetailsCell.m */; };
		EB9F1C8AFE85FAE42309706E /* Pods_Bounce_BounceUITests.framework in Frameworks */ = {isa = PBXBuildFile; fileRef = A868BA36304F433DD640CC38 /* Pods_Bounce_BounceUITests.framework */; };
		FED40600C9347714EEA198C0 /* Pods_BounceTests.framework in Frameworks */ = {isa = PBXBuildFile; fileRef = 355A7877EB07D8403483D118 /* Pods_BounceTests.framework */; };
/* End PBXBuildFile section */

/* Begin PBXContainerItemProxy section */
		9BCFDA6D24BCCE2F009565C4 /* PBXContainerItemProxy */ = {
			isa = PBXContainerItemProxy;
			containerPortal = 9BCFDA4924BCCE2E009565C4 /* Project object */;
			proxyType = 1;
			remoteGlobalIDString = 9BCFDA5024BCCE2E009565C4;
			remoteInfo = Bounce;
		};
		9BCFDA7824BCCE2F009565C4 /* PBXContainerItemProxy */ = {
			isa = PBXContainerItemProxy;
			containerPortal = 9BCFDA4924BCCE2E009565C4 /* Project object */;
			proxyType = 1;
			remoteGlobalIDString = 9BCFDA5024BCCE2E009565C4;
			remoteInfo = Bounce;
		};
/* End PBXContainerItemProxy section */

/* Begin PBXFileReference section */
		155E8EDEE57C3078F1B5A96B /* Pods_Bounce.framework */ = {isa = PBXFileReference; explicitFileType = wrapper.framework; includeInIndex = 0; path = Pods_Bounce.framework; sourceTree = BUILT_PRODUCTS_DIR; };
		2F7FED0E45855A8296D788E8 /* Pods-Bounce.release.xcconfig */ = {isa = PBXFileReference; includeInIndex = 1; lastKnownFileType = text.xcconfig; name = "Pods-Bounce.release.xcconfig"; path = "Target Support Files/Pods-Bounce/Pods-Bounce.release.xcconfig"; sourceTree = "<group>"; };
		355A7877EB07D8403483D118 /* Pods_BounceTests.framework */ = {isa = PBXFileReference; explicitFileType = wrapper.framework; includeInIndex = 0; path = Pods_BounceTests.framework; sourceTree = BUILT_PRODUCTS_DIR; };
		4994307ED16498C91E0505E1 /* Pods-Bounce-BounceUITests.release.xcconfig */ = {isa = PBXFileReference; includeInIndex = 1; lastKnownFileType = text.xcconfig; name = "Pods-Bounce-BounceUITests.release.xcconfig"; path = "Target Support Files/Pods-Bounce-BounceUITests/Pods-Bounce-BounceUITests.release.xcconfig"; sourceTree = "<group>"; };
		49E306FB93143D062CE72258 /* Pods-Bounce-BounceUITests.debug.xcconfig */ = {isa = PBXFileReference; includeInIndex = 1; lastKnownFileType = text.xcconfig; name = "Pods-Bounce-BounceUITests.debug.xcconfig"; path = "Target Support Files/Pods-Bounce-BounceUITests/Pods-Bounce-BounceUITests.debug.xcconfig"; sourceTree = "<group>"; };
		7CF212C7B6DB9D1BB3FD0576 /* Pods-BounceTests.debug.xcconfig */ = {isa = PBXFileReference; includeInIndex = 1; lastKnownFileType = text.xcconfig; name = "Pods-BounceTests.debug.xcconfig"; path = "Target Support Files/Pods-BounceTests/Pods-BounceTests.debug.xcconfig"; sourceTree = "<group>"; };
		8607034ABDE0D10126109B8D /* Pods-BounceTests.release.xcconfig */ = {isa = PBXFileReference; includeInIndex = 1; lastKnownFileType = text.xcconfig; name = "Pods-BounceTests.release.xcconfig"; path = "Target Support Files/Pods-BounceTests/Pods-BounceTests.release.xcconfig"; sourceTree = "<group>"; };
		9BCFDA5124BCCE2E009565C4 /* Bounce.app */ = {isa = PBXFileReference; explicitFileType = wrapper.application; includeInIndex = 0; path = Bounce.app; sourceTree = BUILT_PRODUCTS_DIR; };
		9BCFDA5424BCCE2E009565C4 /* AppDelegate.h */ = {isa = PBXFileReference; lastKnownFileType = sourcecode.c.h; path = AppDelegate.h; sourceTree = "<group>"; };
		9BCFDA5524BCCE2E009565C4 /* AppDelegate.m */ = {isa = PBXFileReference; lastKnownFileType = sourcecode.c.objc; path = AppDelegate.m; sourceTree = "<group>"; };
		9BCFDA5724BCCE2E009565C4 /* SceneDelegate.h */ = {isa = PBXFileReference; lastKnownFileType = sourcecode.c.h; path = SceneDelegate.h; sourceTree = "<group>"; };
		9BCFDA5824BCCE2E009565C4 /* SceneDelegate.m */ = {isa = PBXFileReference; lastKnownFileType = sourcecode.c.objc; path = SceneDelegate.m; sourceTree = "<group>"; };
		9BCFDA5A24BCCE2E009565C4 /* ViewController.h */ = {isa = PBXFileReference; lastKnownFileType = sourcecode.c.h; path = ViewController.h; sourceTree = "<group>"; };
		9BCFDA5B24BCCE2E009565C4 /* ViewController.m */ = {isa = PBXFileReference; lastKnownFileType = sourcecode.c.objc; path = ViewController.m; sourceTree = "<group>"; };
		9BCFDA5E24BCCE2E009565C4 /* Base */ = {isa = PBXFileReference; lastKnownFileType = file.storyboard; name = Base; path = Base.lproj/Main.storyboard; sourceTree = "<group>"; };
		9BCFDA6024BCCE2F009565C4 /* Assets.xcassets */ = {isa = PBXFileReference; lastKnownFileType = folder.assetcatalog; path = Assets.xcassets; sourceTree = "<group>"; };
		9BCFDA6324BCCE2F009565C4 /* Base */ = {isa = PBXFileReference; lastKnownFileType = file.storyboard; name = Base; path = Base.lproj/LaunchScreen.storyboard; sourceTree = "<group>"; };
		9BCFDA6524BCCE2F009565C4 /* Info.plist */ = {isa = PBXFileReference; lastKnownFileType = text.plist.xml; path = Info.plist; sourceTree = "<group>"; };
		9BCFDA6624BCCE2F009565C4 /* main.m */ = {isa = PBXFileReference; lastKnownFileType = sourcecode.c.objc; path = main.m; sourceTree = "<group>"; };
		9BCFDA6C24BCCE2F009565C4 /* BounceTests.xctest */ = {isa = PBXFileReference; explicitFileType = wrapper.cfbundle; includeInIndex = 0; path = BounceTests.xctest; sourceTree = BUILT_PRODUCTS_DIR; };
		9BCFDA7024BCCE2F009565C4 /* BounceTests.m */ = {isa = PBXFileReference; lastKnownFileType = sourcecode.c.objc; path = BounceTests.m; sourceTree = "<group>"; };
		9BCFDA7224BCCE2F009565C4 /* Info.plist */ = {isa = PBXFileReference; lastKnownFileType = text.plist.xml; path = Info.plist; sourceTree = "<group>"; };
		9BCFDA7724BCCE2F009565C4 /* BounceUITests.xctest */ = {isa = PBXFileReference; explicitFileType = wrapper.cfbundle; includeInIndex = 0; path = BounceUITests.xctest; sourceTree = BUILT_PRODUCTS_DIR; };
		9BCFDA7B24BCCE2F009565C4 /* BounceUITests.m */ = {isa = PBXFileReference; lastKnownFileType = sourcecode.c.objc; path = BounceUITests.m; sourceTree = "<group>"; };
		9BCFDA7D24BCCE2F009565C4 /* Info.plist */ = {isa = PBXFileReference; lastKnownFileType = text.plist.xml; path = Info.plist; sourceTree = "<group>"; };
		9BCFDA9924BCE9DC009565C4 /* ConnectView.h */ = {isa = PBXFileReference; lastKnownFileType = sourcecode.c.h; path = ConnectView.h; sourceTree = "<group>"; };
		9BCFDA9A24BCE9DC009565C4 /* ConnectView.m */ = {isa = PBXFileReference; lastKnownFileType = sourcecode.c.objc; path = ConnectView.m; sourceTree = "<group>"; };
		9BCFDA9C24BCEA36009565C4 /* ConnectButton.h */ = {isa = PBXFileReference; lastKnownFileType = sourcecode.c.h; path = ConnectButton.h; sourceTree = "<group>"; };
		9BCFDA9D24BCEA36009565C4 /* ConnectButton.m */ = {isa = PBXFileReference; lastKnownFileType = sourcecode.c.objc; path = ConnectButton.m; sourceTree = "<group>"; };
		9BCFDAA124BCF335009565C4 /* SpotifyiOS.framework */ = {isa = PBXFileReference; lastKnownFileType = wrapper.framework; path = SpotifyiOS.framework; sourceTree = "<group>"; };
		9BCFDAA324BD018B009565C4 /* SearchViewController.h */ = {isa = PBXFileReference; lastKnownFileType = sourcecode.c.h; path = SearchViewController.h; sourceTree = "<group>"; };
		9BCFDAA424BD018B009565C4 /* SearchViewController.m */ = {isa = PBXFileReference; lastKnownFileType = sourcecode.c.objc; path = SearchViewController.m; sourceTree = "<group>"; };
		9BCFDAA624BD01AD009565C4 /* ProfileViewController.h */ = {isa = PBXFileReference; lastKnownFileType = sourcecode.c.h; path = ProfileViewController.h; sourceTree = "<group>"; };
		9BCFDAA724BD01AD009565C4 /* ProfileViewController.m */ = {isa = PBXFileReference; lastKnownFileType = sourcecode.c.objc; path = ProfileViewController.m; sourceTree = "<group>"; };
		9BCFDAA924BD156D009565C4 /* TrackCell.h */ = {isa = PBXFileReference; lastKnownFileType = sourcecode.c.h; path = TrackCell.h; sourceTree = "<group>"; };
		9BCFDAAA24BD156D009565C4 /* TrackCell.m */ = {isa = PBXFileReference; lastKnownFileType = sourcecode.c.objc; path = TrackCell.m; sourceTree = "<group>"; };
		9BE3CC5A24BF715600ED849A /* TrackDetailsViewController.h */ = {isa = PBXFileReference; lastKnownFileType = sourcecode.c.h; path = TrackDetailsViewController.h; sourceTree = "<group>"; };
		9BE3CC5B24BF715600ED849A /* TrackDetailsViewController.m */ = {isa = PBXFileReference; lastKnownFileType = sourcecode.c.objc; path = TrackDetailsViewController.m; sourceTree = "<group>"; };
		9BE3CC5D24BFB8DC00ED849A /* LoginViewController.h */ = {isa = PBXFileReference; lastKnownFileType = sourcecode.c.h; path = LoginViewController.h; sourceTree = "<group>"; };
		9BE3CC5E24BFB8DC00ED849A /* LoginViewController.m */ = {isa = PBXFileReference; lastKnownFileType = sourcecode.c.objc; path = LoginViewController.m; sourceTree = "<group>"; };
		9BE3CC6424C1FB8800ED849A /* Track.h */ = {isa = PBXFileReference; lastKnownFileType = sourcecode.c.h; path = Track.h; sourceTree = "<group>"; };
		9BE3CC6524C1FB8800ED849A /* Track.m */ = {isa = PBXFileReference; lastKnownFileType = sourcecode.c.objc; path = Track.m; sourceTree = "<group>"; };
		9BE3CC6724C1FB9700ED849A /* Album.h */ = {isa = PBXFileReference; lastKnownFileType = sourcecode.c.h; path = Album.h; sourceTree = "<group>"; };
		9BE3CC6824C1FB9700ED849A /* Album.m */ = {isa = PBXFileReference; lastKnownFileType = sourcecode.c.objc; path = Album.m; sourceTree = "<group>"; };
		9BE3CC6A24C1FBB500ED849A /* Artist.h */ = {isa = PBXFileReference; lastKnownFileType = sourcecode.c.h; path = Artist.h; sourceTree = "<group>"; };
		9BE3CC6B24C1FBB500ED849A /* Artist.m */ = {isa = PBXFileReference; lastKnownFileType = sourcecode.c.objc; path = Artist.m; sourceTree = "<group>"; };
		9BE3CC6D24C1FBBD00ED849A /* User.h */ = {isa = PBXFileReference; lastKnownFileType = sourcecode.c.h; path = User.h; sourceTree = "<group>"; };
		9BE3CC6E24C1FBBD00ED849A /* User.m */ = {isa = PBXFileReference; lastKnownFileType = sourcecode.c.objc; path = User.m; sourceTree = "<group>"; };
		9BE3CC7024C1FBC600ED849A /* Playlist.h */ = {isa = PBXFileReference; lastKnownFileType = sourcecode.c.h; path = Playlist.h; sourceTree = "<group>"; };
		9BE3CC7124C1FBC600ED849A /* Playlist.m */ = {isa = PBXFileReference; lastKnownFileType = sourcecode.c.objc; path = Playlist.m; sourceTree = "<group>"; };
		9BE3CC7324C1FCB000ED849A /* Image.h */ = {isa = PBXFileReference; lastKnownFileType = sourcecode.c.h; path = Image.h; sourceTree = "<group>"; };
		9BE3CC7424C1FCB000ED849A /* Image.m */ = {isa = PBXFileReference; lastKnownFileType = sourcecode.c.objc; path = Image.m; sourceTree = "<group>"; };
		9BE3CC7624C1FCBB00ED849A /* AudioFeatures.h */ = {isa = PBXFileReference; lastKnownFileType = sourcecode.c.h; path = AudioFeatures.h; sourceTree = "<group>"; };
		9BE3CC7724C1FCBB00ED849A /* AudioFeatures.m */ = {isa = PBXFileReference; lastKnownFileType = sourcecode.c.objc; path = AudioFeatures.m; sourceTree = "<group>"; };
		9BE3CC7D24C5F4BD00ED849A /* SpotifyManager.h */ = {isa = PBXFileReference; lastKnownFileType = sourcecode.c.h; path = SpotifyManager.h; sourceTree = "<group>"; };
		9BE3CC7E24C5F4BD00ED849A /* SpotifyManager.m */ = {isa = PBXFileReference; lastKnownFileType = sourcecode.c.objc; path = SpotifyManager.m; sourceTree = "<group>"; };
		9BE3CC8024C74D3600ED849A /* ArtistCell.h */ = {isa = PBXFileReference; lastKnownFileType = sourcecode.c.h; path = ArtistCell.h; sourceTree = "<group>"; };
		9BE3CC8124C74D3600ED849A /* ArtistCell.m */ = {isa = PBXFileReference; lastKnownFileType = sourcecode.c.objc; path = ArtistCell.m; sourceTree = "<group>"; };
		9BE3CC8324C75B2500ED849A /* ArtistDetailsViewController.h */ = {isa = PBXFileReference; lastKnownFileType = sourcecode.c.h; path = ArtistDetailsViewController.h; sourceTree = "<group>"; };
		9BE3CC8424C75B2500ED849A /* ArtistDetailsViewController.m */ = {isa = PBXFileReference; lastKnownFileType = sourcecode.c.objc; path = ArtistDetailsViewController.m; sourceTree = "<group>"; };
		9BE3CC8624C7754E00ED849A /* ArtistDetailsCell.h */ = {isa = PBXFileReference; lastKnownFileType = sourcecode.c.h; path = ArtistDetailsCell.h; sourceTree = "<group>"; };
		9BE3CC8724C7754E00ED849A /* ArtistDetailsCell.m */ = {isa = PBXFileReference; lastKnownFileType = sourcecode.c.objc; path = ArtistDetailsCell.m; sourceTree = "<group>"; };
		A868BA36304F433DD640CC38 /* Pods_Bounce_BounceUITests.framework */ = {isa = PBXFileReference; explicitFileType = wrapper.framework; includeInIndex = 0; path = Pods_Bounce_BounceUITests.framework; sourceTree = BUILT_PRODUCTS_DIR; };
		E0D93EBBBAED37A29BE63E14 /* Pods-Bounce.debug.xcconfig */ = {isa = PBXFileReference; includeInIndex = 1; lastKnownFileType = text.xcconfig; name = "Pods-Bounce.debug.xcconfig"; path = "Target Support Files/Pods-Bounce/Pods-Bounce.debug.xcconfig"; sourceTree = "<group>"; };
/* End PBXFileReference section */

/* Begin PBXFrameworksBuildPhase section */
		9BCFDA4E24BCCE2E009565C4 /* Frameworks */ = {
			isa = PBXFrameworksBuildPhase;
			buildActionMask = 2147483647;
			files = (
				7E30082B8837BAAFB7711E79 /* Pods_Bounce.framework in Frameworks */,
				9BCFDAA224BCF335009565C4 /* SpotifyiOS.framework in Frameworks */,
			);
			runOnlyForDeploymentPostprocessing = 0;
		};
		9BCFDA6924BCCE2F009565C4 /* Frameworks */ = {
			isa = PBXFrameworksBuildPhase;
			buildActionMask = 2147483647;
			files = (
				FED40600C9347714EEA198C0 /* Pods_BounceTests.framework in Frameworks */,
			);
			runOnlyForDeploymentPostprocessing = 0;
		};
		9BCFDA7424BCCE2F009565C4 /* Frameworks */ = {
			isa = PBXFrameworksBuildPhase;
			buildActionMask = 2147483647;
			files = (
				EB9F1C8AFE85FAE42309706E /* Pods_Bounce_BounceUITests.framework in Frameworks */,
			);
			runOnlyForDeploymentPostprocessing = 0;
		};
/* End PBXFrameworksBuildPhase section */

/* Begin PBXGroup section */
		3325E7BCAC7434B9078DCD54 /* Pods */ = {
			isa = PBXGroup;
			children = (
				E0D93EBBBAED37A29BE63E14 /* Pods-Bounce.debug.xcconfig */,
				2F7FED0E45855A8296D788E8 /* Pods-Bounce.release.xcconfig */,
				49E306FB93143D062CE72258 /* Pods-Bounce-BounceUITests.debug.xcconfig */,
				4994307ED16498C91E0505E1 /* Pods-Bounce-BounceUITests.release.xcconfig */,
				7CF212C7B6DB9D1BB3FD0576 /* Pods-BounceTests.debug.xcconfig */,
				8607034ABDE0D10126109B8D /* Pods-BounceTests.release.xcconfig */,
			);
			path = Pods;
			sourceTree = "<group>";
		};
		9BCFDA4824BCCE2E009565C4 = {
			isa = PBXGroup;
			children = (
				9BCFDA5324BCCE2E009565C4 /* Bounce */,
				9BCFDA6F24BCCE2F009565C4 /* BounceTests */,
				9BCFDA7A24BCCE2F009565C4 /* BounceUITests */,
				9BCFDA5224BCCE2E009565C4 /* Products */,
				3325E7BCAC7434B9078DCD54 /* Pods */,
				9FBF745D46755A267DBFC4F3 /* Frameworks */,
			);
			sourceTree = "<group>";
		};
		9BCFDA5224BCCE2E009565C4 /* Products */ = {
			isa = PBXGroup;
			children = (
				9BCFDA5124BCCE2E009565C4 /* Bounce.app */,
				9BCFDA6C24BCCE2F009565C4 /* BounceTests.xctest */,
				9BCFDA7724BCCE2F009565C4 /* BounceUITests.xctest */,
			);
			name = Products;
			sourceTree = "<group>";
		};
		9BCFDA5324BCCE2E009565C4 /* Bounce */ = {
			isa = PBXGroup;
			children = (
				9BE3CC7C24C5F48700ED849A /* API */,
				9BCFDA9524BCE998009565C4 /* ViewControllers */,
				9BCFDA9424BCE992009565C4 /* Views */,
				9BCFDA9324BCE98B009565C4 /* Models */,
				9BCFDA5424BCCE2E009565C4 /* AppDelegate.h */,
				9BCFDA5524BCCE2E009565C4 /* AppDelegate.m */,
				9BCFDA5724BCCE2E009565C4 /* SceneDelegate.h */,
				9BCFDA5824BCCE2E009565C4 /* SceneDelegate.m */,
				9BCFDA5D24BCCE2E009565C4 /* Main.storyboard */,
				9BCFDA6024BCCE2F009565C4 /* Assets.xcassets */,
				9BCFDA6224BCCE2F009565C4 /* LaunchScreen.storyboard */,
				9BCFDA6524BCCE2F009565C4 /* Info.plist */,
				9BCFDA6624BCCE2F009565C4 /* main.m */,
			);
			path = Bounce;
			sourceTree = "<group>";
		};
		9BCFDA6F24BCCE2F009565C4 /* BounceTests */ = {
			isa = PBXGroup;
			children = (
				9BCFDA7024BCCE2F009565C4 /* BounceTests.m */,
				9BCFDA7224BCCE2F009565C4 /* Info.plist */,
			);
			path = BounceTests;
			sourceTree = "<group>";
		};
		9BCFDA7A24BCCE2F009565C4 /* BounceUITests */ = {
			isa = PBXGroup;
			children = (
				9BCFDA7B24BCCE2F009565C4 /* BounceUITests.m */,
				9BCFDA7D24BCCE2F009565C4 /* Info.plist */,
			);
			path = BounceUITests;
			sourceTree = "<group>";
		};
		9BCFDA9324BCE98B009565C4 /* Models */ = {
			isa = PBXGroup;
			children = (
				9BCFDA9C24BCEA36009565C4 /* ConnectButton.h */,
				9BCFDA9D24BCEA36009565C4 /* ConnectButton.m */,
				9BE3CC6424C1FB8800ED849A /* Track.h */,
				9BE3CC6524C1FB8800ED849A /* Track.m */,
				9BE3CC6724C1FB9700ED849A /* Album.h */,
				9BE3CC6824C1FB9700ED849A /* Album.m */,
				9BE3CC6A24C1FBB500ED849A /* Artist.h */,
				9BE3CC6B24C1FBB500ED849A /* Artist.m */,
				9BE3CC6D24C1FBBD00ED849A /* User.h */,
				9BE3CC6E24C1FBBD00ED849A /* User.m */,
				9BE3CC7024C1FBC600ED849A /* Playlist.h */,
				9BE3CC7124C1FBC600ED849A /* Playlist.m */,
				9BE3CC7324C1FCB000ED849A /* Image.h */,
				9BE3CC7424C1FCB000ED849A /* Image.m */,
				9BE3CC7624C1FCBB00ED849A /* AudioFeatures.h */,
				9BE3CC7724C1FCBB00ED849A /* AudioFeatures.m */,
			);
			path = Models;
			sourceTree = "<group>";
		};
		9BCFDA9424BCE992009565C4 /* Views */ = {
			isa = PBXGroup;
			children = (
				9BCFDA9924BCE9DC009565C4 /* ConnectView.h */,
				9BCFDA9A24BCE9DC009565C4 /* ConnectView.m */,
				9BCFDAA924BD156D009565C4 /* TrackCell.h */,
				9BCFDAAA24BD156D009565C4 /* TrackCell.m */,
				9BE3CC8024C74D3600ED849A /* ArtistCell.h */,
				9BE3CC8124C74D3600ED849A /* ArtistCell.m */,
				9BE3CC8624C7754E00ED849A /* ArtistDetailsCell.h */,
				9BE3CC8724C7754E00ED849A /* ArtistDetailsCell.m */,
			);
			path = Views;
			sourceTree = "<group>";
		};
		9BCFDA9524BCE998009565C4 /* ViewControllers */ = {
			isa = PBXGroup;
			children = (
				9BCFDA5A24BCCE2E009565C4 /* ViewController.h */,
				9BCFDA5B24BCCE2E009565C4 /* ViewController.m */,
				9BCFDAA324BD018B009565C4 /* SearchViewController.h */,
				9BCFDAA424BD018B009565C4 /* SearchViewController.m */,
				9BCFDAA624BD01AD009565C4 /* ProfileViewController.h */,
				9BCFDAA724BD01AD009565C4 /* ProfileViewController.m */,
				9BE3CC5A24BF715600ED849A /* TrackDetailsViewController.h */,
				9BE3CC5B24BF715600ED849A /* TrackDetailsViewController.m */,
				9BE3CC5D24BFB8DC00ED849A /* LoginViewController.h */,
				9BE3CC5E24BFB8DC00ED849A /* LoginViewController.m */,
				9BE3CC8324C75B2500ED849A /* ArtistDetailsViewController.h */,
				9BE3CC8424C75B2500ED849A /* ArtistDetailsViewController.m */,
			);
			path = ViewControllers;
			sourceTree = "<group>";
		};
		9BE3CC7C24C5F48700ED849A /* API */ = {
			isa = PBXGroup;
			children = (
				9BE3CC7D24C5F4BD00ED849A /* SpotifyManager.h */,
				9BE3CC7E24C5F4BD00ED849A /* SpotifyManager.m */,
			);
			path = API;
			sourceTree = "<group>";
		};
		9FBF745D46755A267DBFC4F3 /* Frameworks */ = {
			isa = PBXGroup;
			children = (
				155E8EDEE57C3078F1B5A96B /* Pods_Bounce.framework */,
				A868BA36304F433DD640CC38 /* Pods_Bounce_BounceUITests.framework */,
				355A7877EB07D8403483D118 /* Pods_BounceTests.framework */,
				9BCFDAA124BCF335009565C4 /* SpotifyiOS.framework */,
			);
			name = Frameworks;
			sourceTree = "<group>";
		};
/* End PBXGroup section */

/* Begin PBXNativeTarget section */
		9BCFDA5024BCCE2E009565C4 /* Bounce */ = {
			isa = PBXNativeTarget;
			buildConfigurationList = 9BCFDA8024BCCE2F009565C4 /* Build configuration list for PBXNativeTarget "Bounce" */;
			buildPhases = (
				BC62ACB5BFA0A73E99CCE984 /* [CP] Check Pods Manifest.lock */,
				9BCFDA4D24BCCE2E009565C4 /* Sources */,
				9BCFDA4E24BCCE2E009565C4 /* Frameworks */,
				9BCFDA4F24BCCE2E009565C4 /* Resources */,
				B4733301E7710D8F0F24A4BD /* [CP] Embed Pods Frameworks */,
			);
			buildRules = (
			);
			dependencies = (
			);
			name = Bounce;
			productName = Bounce;
			productReference = 9BCFDA5124BCCE2E009565C4 /* Bounce.app */;
			productType = "com.apple.product-type.application";
		};
		9BCFDA6B24BCCE2F009565C4 /* BounceTests */ = {
			isa = PBXNativeTarget;
			buildConfigurationList = 9BCFDA8324BCCE2F009565C4 /* Build configuration list for PBXNativeTarget "BounceTests" */;
			buildPhases = (
				CC5E6B666C274C92B3163ADE /* [CP] Check Pods Manifest.lock */,
				9BCFDA6824BCCE2F009565C4 /* Sources */,
				9BCFDA6924BCCE2F009565C4 /* Frameworks */,
				9BCFDA6A24BCCE2F009565C4 /* Resources */,
			);
			buildRules = (
			);
			dependencies = (
				9BCFDA6E24BCCE2F009565C4 /* PBXTargetDependency */,
			);
			name = BounceTests;
			productName = BounceTests;
			productReference = 9BCFDA6C24BCCE2F009565C4 /* BounceTests.xctest */;
			productType = "com.apple.product-type.bundle.unit-test";
		};
		9BCFDA7624BCCE2F009565C4 /* BounceUITests */ = {
			isa = PBXNativeTarget;
			buildConfigurationList = 9BCFDA8624BCCE2F009565C4 /* Build configuration list for PBXNativeTarget "BounceUITests" */;
			buildPhases = (
				E862EF91B498A70296A12893 /* [CP] Check Pods Manifest.lock */,
				9BCFDA7324BCCE2F009565C4 /* Sources */,
				9BCFDA7424BCCE2F009565C4 /* Frameworks */,
				9BCFDA7524BCCE2F009565C4 /* Resources */,
				8A6E915C8783E538498A30EB /* [CP] Embed Pods Frameworks */,
			);
			buildRules = (
			);
			dependencies = (
				9BCFDA7924BCCE2F009565C4 /* PBXTargetDependency */,
			);
			name = BounceUITests;
			productName = BounceUITests;
			productReference = 9BCFDA7724BCCE2F009565C4 /* BounceUITests.xctest */;
			productType = "com.apple.product-type.bundle.ui-testing";
		};
/* End PBXNativeTarget section */

/* Begin PBXProject section */
		9BCFDA4924BCCE2E009565C4 /* Project object */ = {
			isa = PBXProject;
			attributes = {
				LastUpgradeCheck = 1150;
				ORGANIZATIONNAME = "Carmen Gutierrez";
				TargetAttributes = {
					9BCFDA5024BCCE2E009565C4 = {
						CreatedOnToolsVersion = 11.5;
					};
					9BCFDA6B24BCCE2F009565C4 = {
						CreatedOnToolsVersion = 11.5;
						TestTargetID = 9BCFDA5024BCCE2E009565C4;
					};
					9BCFDA7624BCCE2F009565C4 = {
						CreatedOnToolsVersion = 11.5;
						TestTargetID = 9BCFDA5024BCCE2E009565C4;
					};
				};
			};
			buildConfigurationList = 9BCFDA4C24BCCE2E009565C4 /* Build configuration list for PBXProject "Bounce" */;
			compatibilityVersion = "Xcode 9.3";
			developmentRegion = en;
			hasScannedForEncodings = 0;
			knownRegions = (
				en,
				Base,
			);
			mainGroup = 9BCFDA4824BCCE2E009565C4;
			productRefGroup = 9BCFDA5224BCCE2E009565C4 /* Products */;
			projectDirPath = "";
			projectRoot = "";
			targets = (
				9BCFDA5024BCCE2E009565C4 /* Bounce */,
				9BCFDA6B24BCCE2F009565C4 /* BounceTests */,
				9BCFDA7624BCCE2F009565C4 /* BounceUITests */,
			);
		};
/* End PBXProject section */

/* Begin PBXResourcesBuildPhase section */
		9BCFDA4F24BCCE2E009565C4 /* Resources */ = {
			isa = PBXResourcesBuildPhase;
			buildActionMask = 2147483647;
			files = (
				9BCFDA6424BCCE2F009565C4 /* LaunchScreen.storyboard in Resources */,
				9BCFDA6124BCCE2F009565C4 /* Assets.xcassets in Resources */,
				9BCFDA5F24BCCE2E009565C4 /* Main.storyboard in Resources */,
			);
			runOnlyForDeploymentPostprocessing = 0;
		};
		9BCFDA6A24BCCE2F009565C4 /* Resources */ = {
			isa = PBXResourcesBuildPhase;
			buildActionMask = 2147483647;
			files = (
			);
			runOnlyForDeploymentPostprocessing = 0;
		};
		9BCFDA7524BCCE2F009565C4 /* Resources */ = {
			isa = PBXResourcesBuildPhase;
			buildActionMask = 2147483647;
			files = (
			);
			runOnlyForDeploymentPostprocessing = 0;
		};
/* End PBXResourcesBuildPhase section */

/* Begin PBXShellScriptBuildPhase section */
		8A6E915C8783E538498A30EB /* [CP] Embed Pods Frameworks */ = {
			isa = PBXShellScriptBuildPhase;
			buildActionMask = 2147483647;
			files = (
			);
			inputFileListPaths = (
				"${PODS_ROOT}/Target Support Files/Pods-Bounce-BounceUITests/Pods-Bounce-BounceUITests-frameworks-${CONFIGURATION}-input-files.xcfilelist",
			);
			name = "[CP] Embed Pods Frameworks";
			outputFileListPaths = (
				"${PODS_ROOT}/Target Support Files/Pods-Bounce-BounceUITests/Pods-Bounce-BounceUITests-frameworks-${CONFIGURATION}-output-files.xcfilelist",
			);
			runOnlyForDeploymentPostprocessing = 0;
			shellPath = /bin/sh;
			shellScript = "\"${PODS_ROOT}/Target Support Files/Pods-Bounce-BounceUITests/Pods-Bounce-BounceUITests-frameworks.sh\"\n";
			showEnvVarsInLog = 0;
		};
		B4733301E7710D8F0F24A4BD /* [CP] Embed Pods Frameworks */ = {
			isa = PBXShellScriptBuildPhase;
			buildActionMask = 2147483647;
			files = (
			);
			inputFileListPaths = (
				"${PODS_ROOT}/Target Support Files/Pods-Bounce/Pods-Bounce-frameworks-${CONFIGURATION}-input-files.xcfilelist",
			);
			name = "[CP] Embed Pods Frameworks";
			outputFileListPaths = (
				"${PODS_ROOT}/Target Support Files/Pods-Bounce/Pods-Bounce-frameworks-${CONFIGURATION}-output-files.xcfilelist",
			);
			runOnlyForDeploymentPostprocessing = 0;
			shellPath = /bin/sh;
			shellScript = "\"${PODS_ROOT}/Target Support Files/Pods-Bounce/Pods-Bounce-frameworks.sh\"\n";
			showEnvVarsInLog = 0;
		};
		BC62ACB5BFA0A73E99CCE984 /* [CP] Check Pods Manifest.lock */ = {
			isa = PBXShellScriptBuildPhase;
			buildActionMask = 2147483647;
			files = (
			);
			inputFileListPaths = (
			);
			inputPaths = (
				"${PODS_PODFILE_DIR_PATH}/Podfile.lock",
				"${PODS_ROOT}/Manifest.lock",
			);
			name = "[CP] Check Pods Manifest.lock";
			outputFileListPaths = (
			);
			outputPaths = (
				"$(DERIVED_FILE_DIR)/Pods-Bounce-checkManifestLockResult.txt",
			);
			runOnlyForDeploymentPostprocessing = 0;
			shellPath = /bin/sh;
			shellScript = "diff \"${PODS_PODFILE_DIR_PATH}/Podfile.lock\" \"${PODS_ROOT}/Manifest.lock\" > /dev/null\nif [ $? != 0 ] ; then\n    # print error to STDERR\n    echo \"error: The sandbox is not in sync with the Podfile.lock. Run 'pod install' or update your CocoaPods installation.\" >&2\n    exit 1\nfi\n# This output is used by Xcode 'outputs' to avoid re-running this script phase.\necho \"SUCCESS\" > \"${SCRIPT_OUTPUT_FILE_0}\"\n";
			showEnvVarsInLog = 0;
		};
		CC5E6B666C274C92B3163ADE /* [CP] Check Pods Manifest.lock */ = {
			isa = PBXShellScriptBuildPhase;
			buildActionMask = 2147483647;
			files = (
			);
			inputFileListPaths = (
			);
			inputPaths = (
				"${PODS_PODFILE_DIR_PATH}/Podfile.lock",
				"${PODS_ROOT}/Manifest.lock",
			);
			name = "[CP] Check Pods Manifest.lock";
			outputFileListPaths = (
			);
			outputPaths = (
				"$(DERIVED_FILE_DIR)/Pods-BounceTests-checkManifestLockResult.txt",
			);
			runOnlyForDeploymentPostprocessing = 0;
			shellPath = /bin/sh;
			shellScript = "diff \"${PODS_PODFILE_DIR_PATH}/Podfile.lock\" \"${PODS_ROOT}/Manifest.lock\" > /dev/null\nif [ $? != 0 ] ; then\n    # print error to STDERR\n    echo \"error: The sandbox is not in sync with the Podfile.lock. Run 'pod install' or update your CocoaPods installation.\" >&2\n    exit 1\nfi\n# This output is used by Xcode 'outputs' to avoid re-running this script phase.\necho \"SUCCESS\" > \"${SCRIPT_OUTPUT_FILE_0}\"\n";
			showEnvVarsInLog = 0;
		};
		E862EF91B498A70296A12893 /* [CP] Check Pods Manifest.lock */ = {
			isa = PBXShellScriptBuildPhase;
			buildActionMask = 2147483647;
			files = (
			);
			inputFileListPaths = (
			);
			inputPaths = (
				"${PODS_PODFILE_DIR_PATH}/Podfile.lock",
				"${PODS_ROOT}/Manifest.lock",
			);
			name = "[CP] Check Pods Manifest.lock";
			outputFileListPaths = (
			);
			outputPaths = (
				"$(DERIVED_FILE_DIR)/Pods-Bounce-BounceUITests-checkManifestLockResult.txt",
			);
			runOnlyForDeploymentPostprocessing = 0;
			shellPath = /bin/sh;
			shellScript = "diff \"${PODS_PODFILE_DIR_PATH}/Podfile.lock\" \"${PODS_ROOT}/Manifest.lock\" > /dev/null\nif [ $? != 0 ] ; then\n    # print error to STDERR\n    echo \"error: The sandbox is not in sync with the Podfile.lock. Run 'pod install' or update your CocoaPods installation.\" >&2\n    exit 1\nfi\n# This output is used by Xcode 'outputs' to avoid re-running this script phase.\necho \"SUCCESS\" > \"${SCRIPT_OUTPUT_FILE_0}\"\n";
			showEnvVarsInLog = 0;
		};
/* End PBXShellScriptBuildPhase section */

/* Begin PBXSourcesBuildPhase section */
		9BCFDA4D24BCCE2E009565C4 /* Sources */ = {
			isa = PBXSourcesBuildPhase;
			buildActionMask = 2147483647;
			files = (
				9BCFDA9E24BCEA36009565C4 /* ConnectButton.m in Sources */,
				9BE3CC5C24BF715600ED849A /* TrackDetailsViewController.m in Sources */,
				9BCFDA5C24BCCE2E009565C4 /* ViewController.m in Sources */,
				9BE3CC6624C1FB8800ED849A /* Track.m in Sources */,
				9BCFDAAB24BD156D009565C4 /* TrackCell.m in Sources */,
				9BE3CC7F24C5F4BD00ED849A /* SpotifyManager.m in Sources */,
				9BE3CC6F24C1FBBD00ED849A /* User.m in Sources */,
				9BCFDAA824BD01AD009565C4 /* ProfileViewController.m in Sources */,
				9BE3CC7824C1FCBB00ED849A /* AudioFeatures.m in Sources */,
				9BE3CC8824C7754E00ED849A /* ArtistDetailsCell.m in Sources */,
				9BE3CC7224C1FBC600ED849A /* Playlist.m in Sources */,
				9BE3CC8524C75B2500ED849A /* ArtistDetailsViewController.m in Sources */,
				9BE3CC6C24C1FBB500ED849A /* Artist.m in Sources */,
				9BCFDA5624BCCE2E009565C4 /* AppDelegate.m in Sources */,
				9BCFDA6724BCCE2F009565C4 /* main.m in Sources */,
				9BE3CC7524C1FCB000ED849A /* Image.m in Sources */,
				9BCFDA9B24BCE9DC009565C4 /* ConnectView.m in Sources */,
				9BE3CC6924C1FB9700ED849A /* Album.m in Sources */,
				9BCFDA5924BCCE2E009565C4 /* SceneDelegate.m in Sources */,
				9BE3CC5F24BFB8DC00ED849A /* LoginViewController.m in Sources */,
				9BE3CC8224C74D3600ED849A /* ArtistCell.m in Sources */,
				9BCFDAA524BD018B009565C4 /* SearchViewController.m in Sources */,
			);
			runOnlyForDeploymentPostprocessing = 0;
		};
		9BCFDA6824BCCE2F009565C4 /* Sources */ = {
			isa = PBXSourcesBuildPhase;
			buildActionMask = 2147483647;
			files = (
				9BCFDA7124BCCE2F009565C4 /* BounceTests.m in Sources */,
			);
			runOnlyForDeploymentPostprocessing = 0;
		};
		9BCFDA7324BCCE2F009565C4 /* Sources */ = {
			isa = PBXSourcesBuildPhase;
			buildActionMask = 2147483647;
			files = (
				9BCFDA7C24BCCE2F009565C4 /* BounceUITests.m in Sources */,
			);
			runOnlyForDeploymentPostprocessing = 0;
		};
/* End PBXSourcesBuildPhase section */

/* Begin PBXTargetDependency section */
		9BCFDA6E24BCCE2F009565C4 /* PBXTargetDependency */ = {
			isa = PBXTargetDependency;
			target = 9BCFDA5024BCCE2E009565C4 /* Bounce */;
			targetProxy = 9BCFDA6D24BCCE2F009565C4 /* PBXContainerItemProxy */;
		};
		9BCFDA7924BCCE2F009565C4 /* PBXTargetDependency */ = {
			isa = PBXTargetDependency;
			target = 9BCFDA5024BCCE2E009565C4 /* Bounce */;
			targetProxy = 9BCFDA7824BCCE2F009565C4 /* PBXContainerItemProxy */;
		};
/* End PBXTargetDependency section */

/* Begin PBXVariantGroup section */
		9BCFDA5D24BCCE2E009565C4 /* Main.storyboard */ = {
			isa = PBXVariantGroup;
			children = (
				9BCFDA5E24BCCE2E009565C4 /* Base */,
			);
			name = Main.storyboard;
			sourceTree = "<group>";
		};
		9BCFDA6224BCCE2F009565C4 /* LaunchScreen.storyboard */ = {
			isa = PBXVariantGroup;
			children = (
				9BCFDA6324BCCE2F009565C4 /* Base */,
			);
			name = LaunchScreen.storyboard;
			sourceTree = "<group>";
		};
/* End PBXVariantGroup section */

/* Begin XCBuildConfiguration section */
		9BCFDA7E24BCCE2F009565C4 /* Debug */ = {
			isa = XCBuildConfiguration;
			buildSettings = {
				ALWAYS_SEARCH_USER_PATHS = NO;
				CLANG_ANALYZER_NONNULL = YES;
				CLANG_ANALYZER_NUMBER_OBJECT_CONVERSION = YES_AGGRESSIVE;
				CLANG_CXX_LANGUAGE_STANDARD = "gnu++14";
				CLANG_CXX_LIBRARY = "libc++";
				CLANG_ENABLE_MODULES = YES;
				CLANG_ENABLE_OBJC_ARC = YES;
				CLANG_ENABLE_OBJC_WEAK = YES;
				CLANG_WARN_BLOCK_CAPTURE_AUTORELEASING = YES;
				CLANG_WARN_BOOL_CONVERSION = YES;
				CLANG_WARN_COMMA = YES;
				CLANG_WARN_CONSTANT_CONVERSION = YES;
				CLANG_WARN_DEPRECATED_OBJC_IMPLEMENTATIONS = YES;
				CLANG_WARN_DIRECT_OBJC_ISA_USAGE = YES_ERROR;
				CLANG_WARN_DOCUMENTATION_COMMENTS = YES;
				CLANG_WARN_EMPTY_BODY = YES;
				CLANG_WARN_ENUM_CONVERSION = YES;
				CLANG_WARN_INFINITE_RECURSION = YES;
				CLANG_WARN_INT_CONVERSION = YES;
				CLANG_WARN_NON_LITERAL_NULL_CONVERSION = YES;
				CLANG_WARN_OBJC_IMPLICIT_RETAIN_SELF = YES;
				CLANG_WARN_OBJC_LITERAL_CONVERSION = YES;
				CLANG_WARN_OBJC_ROOT_CLASS = YES_ERROR;
				CLANG_WARN_RANGE_LOOP_ANALYSIS = YES;
				CLANG_WARN_STRICT_PROTOTYPES = YES;
				CLANG_WARN_SUSPICIOUS_MOVE = YES;
				CLANG_WARN_UNGUARDED_AVAILABILITY = YES_AGGRESSIVE;
				CLANG_WARN_UNREACHABLE_CODE = YES;
				CLANG_WARN__DUPLICATE_METHOD_MATCH = YES;
				COPY_PHASE_STRIP = NO;
				DEBUG_INFORMATION_FORMAT = dwarf;
				ENABLE_STRICT_OBJC_MSGSEND = YES;
				ENABLE_TESTABILITY = YES;
				GCC_C_LANGUAGE_STANDARD = gnu11;
				GCC_DYNAMIC_NO_PIC = NO;
				GCC_NO_COMMON_BLOCKS = YES;
				GCC_OPTIMIZATION_LEVEL = 0;
				GCC_PREPROCESSOR_DEFINITIONS = (
					"DEBUG=1",
					"$(inherited)",
				);
				GCC_WARN_64_TO_32_BIT_CONVERSION = YES;
				GCC_WARN_ABOUT_RETURN_TYPE = YES_ERROR;
				GCC_WARN_UNDECLARED_SELECTOR = YES;
				GCC_WARN_UNINITIALIZED_AUTOS = YES_AGGRESSIVE;
				GCC_WARN_UNUSED_FUNCTION = YES;
				GCC_WARN_UNUSED_VARIABLE = YES;
				IPHONEOS_DEPLOYMENT_TARGET = 13.5;
				MTL_ENABLE_DEBUG_INFO = INCLUDE_SOURCE;
				MTL_FAST_MATH = YES;
				ONLY_ACTIVE_ARCH = YES;
				SDKROOT = iphoneos;
			};
			name = Debug;
		};
		9BCFDA7F24BCCE2F009565C4 /* Release */ = {
			isa = XCBuildConfiguration;
			buildSettings = {
				ALWAYS_SEARCH_USER_PATHS = NO;
				CLANG_ANALYZER_NONNULL = YES;
				CLANG_ANALYZER_NUMBER_OBJECT_CONVERSION = YES_AGGRESSIVE;
				CLANG_CXX_LANGUAGE_STANDARD = "gnu++14";
				CLANG_CXX_LIBRARY = "libc++";
				CLANG_ENABLE_MODULES = YES;
				CLANG_ENABLE_OBJC_ARC = YES;
				CLANG_ENABLE_OBJC_WEAK = YES;
				CLANG_WARN_BLOCK_CAPTURE_AUTORELEASING = YES;
				CLANG_WARN_BOOL_CONVERSION = YES;
				CLANG_WARN_COMMA = YES;
				CLANG_WARN_CONSTANT_CONVERSION = YES;
				CLANG_WARN_DEPRECATED_OBJC_IMPLEMENTATIONS = YES;
				CLANG_WARN_DIRECT_OBJC_ISA_USAGE = YES_ERROR;
				CLANG_WARN_DOCUMENTATION_COMMENTS = YES;
				CLANG_WARN_EMPTY_BODY = YES;
				CLANG_WARN_ENUM_CONVERSION = YES;
				CLANG_WARN_INFINITE_RECURSION = YES;
				CLANG_WARN_INT_CONVERSION = YES;
				CLANG_WARN_NON_LITERAL_NULL_CONVERSION = YES;
				CLANG_WARN_OBJC_IMPLICIT_RETAIN_SELF = YES;
				CLANG_WARN_OBJC_LITERAL_CONVERSION = YES;
				CLANG_WARN_OBJC_ROOT_CLASS = YES_ERROR;
				CLANG_WARN_RANGE_LOOP_ANALYSIS = YES;
				CLANG_WARN_STRICT_PROTOTYPES = YES;
				CLANG_WARN_SUSPICIOUS_MOVE = YES;
				CLANG_WARN_UNGUARDED_AVAILABILITY = YES_AGGRESSIVE;
				CLANG_WARN_UNREACHABLE_CODE = YES;
				CLANG_WARN__DUPLICATE_METHOD_MATCH = YES;
				COPY_PHASE_STRIP = NO;
				DEBUG_INFORMATION_FORMAT = "dwarf-with-dsym";
				ENABLE_NS_ASSERTIONS = NO;
				ENABLE_STRICT_OBJC_MSGSEND = YES;
				GCC_C_LANGUAGE_STANDARD = gnu11;
				GCC_NO_COMMON_BLOCKS = YES;
				GCC_WARN_64_TO_32_BIT_CONVERSION = YES;
				GCC_WARN_ABOUT_RETURN_TYPE = YES_ERROR;
				GCC_WARN_UNDECLARED_SELECTOR = YES;
				GCC_WARN_UNINITIALIZED_AUTOS = YES_AGGRESSIVE;
				GCC_WARN_UNUSED_FUNCTION = YES;
				GCC_WARN_UNUSED_VARIABLE = YES;
				IPHONEOS_DEPLOYMENT_TARGET = 13.5;
				MTL_ENABLE_DEBUG_INFO = NO;
				MTL_FAST_MATH = YES;
				SDKROOT = iphoneos;
				VALIDATE_PRODUCT = YES;
			};
			name = Release;
		};
		9BCFDA8124BCCE2F009565C4 /* Debug */ = {
			isa = XCBuildConfiguration;
			baseConfigurationReference = E0D93EBBBAED37A29BE63E14 /* Pods-Bounce.debug.xcconfig */;
			buildSettings = {
				ASSETCATALOG_COMPILER_APPICON_NAME = AppIcon;
				CODE_SIGN_STYLE = Automatic;
				DEVELOPMENT_TEAM = QXJXPLY539;
				FRAMEWORK_SEARCH_PATHS = (
					"$(inherited)",
					"$(PROJECT_DIR)",
				);
				INFOPLIST_FILE = Bounce/Info.plist;
				LD_RUNPATH_SEARCH_PATHS = (
					"$(inherited)",
					"@executable_path/Frameworks",
				);
				OTHER_LDFLAGS = (
					"$(inherited)",
					"-framework",
					"\"AFNetworking\"",
					"-framework",
					"\"BDBOAuth1Manager\"",
					"-framework",
					"\"CoreGraphics\"",
					"-framework",
					"\"MobileCoreServices\"",
					"-framework",
					"\"Security\"",
					"-framework",
					"\"SystemConfiguration\"",
					"-ObjC",
				);
				PRODUCT_BUNDLE_IDENTIFIER = com.carmen.justine.gutierrez.Bounce;
				PRODUCT_NAME = "$(TARGET_NAME)";
				SWIFT_VERSION = 4.0;
				TARGETED_DEVICE_FAMILY = "1,2";
			};
			name = Debug;
		};
		9BCFDA8224BCCE2F009565C4 /* Release */ = {
			isa = XCBuildConfiguration;
			baseConfigurationReference = 2F7FED0E45855A8296D788E8 /* Pods-Bounce.release.xcconfig */;
			buildSettings = {
				ASSETCATALOG_COMPILER_APPICON_NAME = AppIcon;
				CODE_SIGN_STYLE = Automatic;
				DEVELOPMENT_TEAM = QXJXPLY539;
				FRAMEWORK_SEARCH_PATHS = (
					"$(inherited)",
					"$(PROJECT_DIR)",
				);
				INFOPLIST_FILE = Bounce/Info.plist;
				LD_RUNPATH_SEARCH_PATHS = (
					"$(inherited)",
					"@executable_path/Frameworks",
				);
				OTHER_LDFLAGS = (
					"$(inherited)",
					"-framework",
					"\"AFNetworking\"",
					"-framework",
					"\"BDBOAuth1Manager\"",
					"-framework",
					"\"CoreGraphics\"",
					"-framework",
					"\"MobileCoreServices\"",
					"-framework",
					"\"Security\"",
					"-framework",
					"\"SystemConfiguration\"",
					"-ObjC",
				);
				PRODUCT_BUNDLE_IDENTIFIER = com.carmen.justine.gutierrez.Bounce;
				PRODUCT_NAME = "$(TARGET_NAME)";
				SWIFT_VERSION = 4.0;
				TARGETED_DEVICE_FAMILY = "1,2";
			};
			name = Release;
		};
		9BCFDA8424BCCE2F009565C4 /* Debug */ = {
			isa = XCBuildConfiguration;
			baseConfigurationReference = 7CF212C7B6DB9D1BB3FD0576 /* Pods-BounceTests.debug.xcconfig */;
			buildSettings = {
				BUNDLE_LOADER = "$(TEST_HOST)";
				CODE_SIGN_STYLE = Automatic;
				DEVELOPMENT_TEAM = QXJXPLY539;
				INFOPLIST_FILE = BounceTests/Info.plist;
				IPHONEOS_DEPLOYMENT_TARGET = 13.5;
				LD_RUNPATH_SEARCH_PATHS = (
					"$(inherited)",
					"@executable_path/Frameworks",
					"@loader_path/Frameworks",
				);
				PRODUCT_BUNDLE_IDENTIFIER = com.carmen.justine.gutierrez.BounceTests;
				PRODUCT_NAME = "$(TARGET_NAME)";
				TARGETED_DEVICE_FAMILY = "1,2";
				TEST_HOST = "$(BUILT_PRODUCTS_DIR)/Bounce.app/Bounce";
			};
			name = Debug;
		};
		9BCFDA8524BCCE2F009565C4 /* Release */ = {
			isa = XCBuildConfiguration;
			baseConfigurationReference = 8607034ABDE0D10126109B8D /* Pods-BounceTests.release.xcconfig */;
			buildSettings = {
				BUNDLE_LOADER = "$(TEST_HOST)";
				CODE_SIGN_STYLE = Automatic;
				DEVELOPMENT_TEAM = QXJXPLY539;
				INFOPLIST_FILE = BounceTests/Info.plist;
				IPHONEOS_DEPLOYMENT_TARGET = 13.5;
				LD_RUNPATH_SEARCH_PATHS = (
					"$(inherited)",
					"@executable_path/Frameworks",
					"@loader_path/Frameworks",
				);
				PRODUCT_BUNDLE_IDENTIFIER = com.carmen.justine.gutierrez.BounceTests;
				PRODUCT_NAME = "$(TARGET_NAME)";
				TARGETED_DEVICE_FAMILY = "1,2";
				TEST_HOST = "$(BUILT_PRODUCTS_DIR)/Bounce.app/Bounce";
			};
			name = Release;
		};
		9BCFDA8724BCCE2F009565C4 /* Debug */ = {
			isa = XCBuildConfiguration;
			baseConfigurationReference = 49E306FB93143D062CE72258 /* Pods-Bounce-BounceUITests.debug.xcconfig */;
			buildSettings = {
				CODE_SIGN_STYLE = Automatic;
				DEVELOPMENT_TEAM = QXJXPLY539;
				INFOPLIST_FILE = BounceUITests/Info.plist;
				LD_RUNPATH_SEARCH_PATHS = (
					"$(inherited)",
					"@executable_path/Frameworks",
					"@loader_path/Frameworks",
				);
				PRODUCT_BUNDLE_IDENTIFIER = com.carmen.justine.gutierrez.BounceUITests;
				PRODUCT_NAME = "$(TARGET_NAME)";
				TARGETED_DEVICE_FAMILY = "1,2";
				TEST_TARGET_NAME = Bounce;
			};
			name = Debug;
		};
		9BCFDA8824BCCE2F009565C4 /* Release */ = {
			isa = XCBuildConfiguration;
			baseConfigurationReference = 4994307ED16498C91E0505E1 /* Pods-Bounce-BounceUITests.release.xcconfig */;
			buildSettings = {
				CODE_SIGN_STYLE = Automatic;
				DEVELOPMENT_TEAM = QXJXPLY539;
				INFOPLIST_FILE = BounceUITests/Info.plist;
				LD_RUNPATH_SEARCH_PATHS = (
					"$(inherited)",
					"@executable_path/Frameworks",
					"@loader_path/Frameworks",
				);
				PRODUCT_BUNDLE_IDENTIFIER = com.carmen.justine.gutierrez.BounceUITests;
				PRODUCT_NAME = "$(TARGET_NAME)";
				TARGETED_DEVICE_FAMILY = "1,2";
				TEST_TARGET_NAME = Bounce;
			};
			name = Release;
		};
/* End XCBuildConfiguration section */

/* Begin XCConfigurationList section */
		9BCFDA4C24BCCE2E009565C4 /* Build configuration list for PBXProject "Bounce" */ = {
			isa = XCConfigurationList;
			buildConfigurations = (
				9BCFDA7E24BCCE2F009565C4 /* Debug */,
				9BCFDA7F24BCCE2F009565C4 /* Release */,
			);
			defaultConfigurationIsVisible = 0;
			defaultConfigurationName = Release;
		};
		9BCFDA8024BCCE2F009565C4 /* Build configuration list for PBXNativeTarget "Bounce" */ = {
			isa = XCConfigurationList;
			buildConfigurations = (
				9BCFDA8124BCCE2F009565C4 /* Debug */,
				9BCFDA8224BCCE2F009565C4 /* Release */,
			);
			defaultConfigurationIsVisible = 0;
			defaultConfigurationName = Release;
		};
		9BCFDA8324BCCE2F009565C4 /* Build configuration list for PBXNativeTarget "BounceTests" */ = {
			isa = XCConfigurationList;
			buildConfigurations = (
				9BCFDA8424BCCE2F009565C4 /* Debug */,
				9BCFDA8524BCCE2F009565C4 /* Release */,
			);
			defaultConfigurationIsVisible = 0;
			defaultConfigurationName = Release;
		};
		9BCFDA8624BCCE2F009565C4 /* Build configuration list for PBXNativeTarget "BounceUITests" */ = {
			isa = XCConfigurationList;
			buildConfigurations = (
				9BCFDA8724BCCE2F009565C4 /* Debug */,
				9BCFDA8824BCCE2F009565C4 /* Release */,
			);
			defaultConfigurationIsVisible = 0;
			defaultConfigurationName = Release;
		};
/* End XCConfigurationList section */
	};
	rootObject = 9BCFDA4924BCCE2E009565C4 /* Project object */;
}
